
Microsoft Visual Studio Solution File, Format Version 12.00
# Visual Studio Version 17
VisualStudioVersion = 17.6.33723.286
MinimumVisualStudioVersion = 10.0.40219.1
Project("{FAE04EC0-301F-11D3-BF4B-00C04F79EFBC}") = "WindowsFormsApp1", "WindowsFormsApp1\WindowsFormsApp1.csproj", "{F5E16897-3E97-4606-B3AC-492C5C31E915}"
EndProject
Global
	GlobalSection(SolutionConfigurationPlatforms) = preSolution
		Debug|Any CPU = Debug|Any CPU
		Release|Any CPU = Release|Any CPU
	EndGlobalSection
	GlobalSection(ProjectConfigurationPlatforms) = postSolution
		{F5E16897-3E97-4606-B3AC-492C5C31E915}.Debug|Any CPU.ActiveCfg = Debug|Any CPU
		{F5E16897-3E97-4606-B3AC-492C5C31E915}.Debug|Any CPU.Build.0 = Debug|Any CPU
		{F5E16897-3E97-4606-B3AC-492C5C31E915}.Release|Any CPU.ActiveCfg = Release|Any CPU
		{F5E16897-3E97-4606-B3AC-492C5C31E915}.Release|Any CPU.Build.0 = Release|Any CPU
	EndGlobalSection
	GlobalSection(SolutionProperties) = preSolution
		HideSolutionNode = FALSE
	EndGlobalSection
	GlobalSection(ExtensibilityGlobals) = postSolution
		SolutionGuid = {A0D2016C-672E-4850-9D17-2E6515D56405}
	EndGlobalSection
EndGlobal
